
Microsoft Visual Studio Solution File, Format Version 12.00
# Visual Studio Version 17
VisualStudioVersion = 17.10.35013.160
MinimumVisualStudioVersion = 10.0.40219.1
Project("{9A19103F-16F7-4668-BE54-9A1E7A4F7556}") = "AucthionApi", "AucthionApi\AucthionApi.csproj", "{8D3C0C6F-EE2D-400A-BBDE-BE4530D6F5F6}"
	ProjectSection(ProjectDependencies) = postProject
		{77071D5B-03CC-412B-8FBF-D5EAF4BCCD1B} = {77071D5B-03CC-412B-8FBF-D5EAF4BCCD1B}
		{CD9297BF-E4F5-43E2-A251-900DE5948FBD} = {CD9297BF-E4F5-43E2-A251-900DE5948FBD}
	EndProjectSection
EndProject
Project("{9A19103F-16F7-4668-BE54-9A1E7A4F7556}") = "AuctionEntity", "AuctionEntity\AuctionEntity.csproj", "{0B31CDB6-2A10-4020-835B-DE8D30272268}"
EndProject
Project("{9A19103F-16F7-4668-BE54-9A1E7A4F7556}") = "AuctionLogic", "AuctionLogic\AuctionLogic.csproj", "{724D8924-935B-4C04-AD58-FD3F5775E7FD}"
	ProjectSection(ProjectDependencies) = postProject
		{0B31CDB6-2A10-4020-835B-DE8D30272268} = {0B31CDB6-2A10-4020-835B-DE8D30272268}
	EndProjectSection
EndProject
Project("{2150E333-8FDC-42A3-9474-1A3956D46DE8}") = "Auction", "Auction", "{FC233C9D-F0C3-4073-A176-C81A1CDDC819}"
EndProject
Project("{2150E333-8FDC-42A3-9474-1A3956D46DE8}") = "ApiGateway", "ApiGateway", "{FB63EADB-9542-4C2C-8696-FC345758B80F}"
EndProject
Project("{9A19103F-16F7-4668-BE54-9A1E7A4F7556}") = "ApiGateway", "ApiGateway\ApiGateway.csproj", "{77071D5B-03CC-412B-8FBF-D5EAF4BCCD1B}"
	ProjectSection(ProjectDependencies) = postProject
		{1F851060-1278-4D6D-B4E2-EF0A47F483D0} = {1F851060-1278-4D6D-B4E2-EF0A47F483D0}
	EndProjectSection
EndProject
Project("{9A19103F-16F7-4668-BE54-9A1E7A4F7556}") = "GatewayEntity", "GatewayEntity\GatewayEntity.csproj", "{FD36BE0A-90E0-4EB3-8F88-9B13F2674782}"
EndProject
Project("{9A19103F-16F7-4668-BE54-9A1E7A4F7556}") = "GatewayLogic", "GatewayLogic\GatewayLogic.csproj", "{1F851060-1278-4D6D-B4E2-EF0A47F483D0}"
	ProjectSection(ProjectDependencies) = postProject
		{FD36BE0A-90E0-4EB3-8F88-9B13F2674782} = {FD36BE0A-90E0-4EB3-8F88-9B13F2674782}
	EndProjectSection
EndProject
Project("{2150E333-8FDC-42A3-9474-1A3956D46DE8}") = "Client", "Client", "{E07E4750-F4CA-4A19-A026-6889D3995B33}"
EndProject
Project("{54A90642-561A-4BB1-A94E-469ADEE60C69}") = "auctionclient", "AuctionClient\auctionclient.esproj", "{2244D45C-3A2D-40B2-85F7-26434FCE4072}"
EndProject
Project("{9A19103F-16F7-4668-BE54-9A1E7A4F7556}") = "ErrorHendler", "ErrorHendler\ErrorHendler.csproj", "{FCD2AF60-2E63-4B0A-81DA-723D76E0C317}"
	ProjectSection(ProjectDependencies) = postProject
		{0B31CDB6-2A10-4020-835B-DE8D30272268} = {0B31CDB6-2A10-4020-835B-DE8D30272268}
	EndProjectSection
EndProject
Project("{9A19103F-16F7-4668-BE54-9A1E7A4F7556}") = "AuctioneWorker", "AuctioneWorker\AuctioneWorker.csproj", "{DC13E583-DFB0-46A9-8255-9BE6DAB60757}"
	ProjectSection(ProjectDependencies) = postProject
		{CD9297BF-E4F5-43E2-A251-900DE5948FBD} = {CD9297BF-E4F5-43E2-A251-900DE5948FBD}
	EndProjectSection
EndProject
Project("{2150E333-8FDC-42A3-9474-1A3956D46DE8}") = "Api.Masstrasnsit", "Api.Masstrasnsit", "{D94C38DE-8656-4324-953D-C8DC4C2F9C2B}"
EndProject
Project("{9A19103F-16F7-4668-BE54-9A1E7A4F7556}") = "Api.Masstransit", "Api.Masstransit\Api.Masstransit.csproj", "{CD9297BF-E4F5-43E2-A251-900DE5948FBD}"
EndProject
Global
	GlobalSection(SolutionConfigurationPlatforms) = preSolution
		Debug|Any CPU = Debug|Any CPU
		Release|Any CPU = Release|Any CPU
	EndGlobalSection
	GlobalSection(ProjectConfigurationPlatforms) = postSolution
		{8D3C0C6F-EE2D-400A-BBDE-BE4530D6F5F6}.Debug|Any CPU.ActiveCfg = Debug|Any CPU
		{8D3C0C6F-EE2D-400A-BBDE-BE4530D6F5F6}.Debug|Any CPU.Build.0 = Debug|Any CPU
		{8D3C0C6F-EE2D-400A-BBDE-BE4530D6F5F6}.Release|Any CPU.ActiveCfg = Release|Any CPU
		{8D3C0C6F-EE2D-400A-BBDE-BE4530D6F5F6}.Release|Any CPU.Build.0 = Release|Any CPU
		{0B31CDB6-2A10-4020-835B-DE8D30272268}.Debug|Any CPU.ActiveCfg = Debug|Any CPU
		{0B31CDB6-2A10-4020-835B-DE8D30272268}.Debug|Any CPU.Build.0 = Debug|Any CPU
		{0B31CDB6-2A10-4020-835B-DE8D30272268}.Release|Any CPU.ActiveCfg = Release|Any CPU
		{0B31CDB6-2A10-4020-835B-DE8D30272268}.Release|Any CPU.Build.0 = Release|Any CPU
		{724D8924-935B-4C04-AD58-FD3F5775E7FD}.Debug|Any CPU.ActiveCfg = Debug|Any CPU
		{724D8924-935B-4C04-AD58-FD3F5775E7FD}.Debug|Any CPU.Build.0 = Debug|Any CPU
		{724D8924-935B-4C04-AD58-FD3F5775E7FD}.Release|Any CPU.ActiveCfg = Release|Any CPU
		{724D8924-935B-4C04-AD58-FD3F5775E7FD}.Release|Any CPU.Build.0 = Release|Any CPU
		{77071D5B-03CC-412B-8FBF-D5EAF4BCCD1B}.Debug|Any CPU.ActiveCfg = Debug|Any CPU
		{77071D5B-03CC-412B-8FBF-D5EAF4BCCD1B}.Debug|Any CPU.Build.0 = Debug|Any CPU
		{77071D5B-03CC-412B-8FBF-D5EAF4BCCD1B}.Release|Any CPU.ActiveCfg = Release|Any CPU
		{77071D5B-03CC-412B-8FBF-D5EAF4BCCD1B}.Release|Any CPU.Build.0 = Release|Any CPU
		{FD36BE0A-90E0-4EB3-8F88-9B13F2674782}.Debug|Any CPU.ActiveCfg = Debug|Any CPU
		{FD36BE0A-90E0-4EB3-8F88-9B13F2674782}.Debug|Any CPU.Build.0 = Debug|Any CPU
		{FD36BE0A-90E0-4EB3-8F88-9B13F2674782}.Release|Any CPU.ActiveCfg = Release|Any CPU
		{FD36BE0A-90E0-4EB3-8F88-9B13F2674782}.Release|Any CPU.Build.0 = Release|Any CPU
		{1F851060-1278-4D6D-B4E2-EF0A47F483D0}.Debug|Any CPU.ActiveCfg = Debug|Any CPU
		{1F851060-1278-4D6D-B4E2-EF0A47F483D0}.Debug|Any CPU.Build.0 = Debug|Any CPU
		{1F851060-1278-4D6D-B4E2-EF0A47F483D0}.Release|Any CPU.ActiveCfg = Release|Any CPU
		{1F851060-1278-4D6D-B4E2-EF0A47F483D0}.Release|Any CPU.Build.0 = Release|Any CPU
		{2244D45C-3A2D-40B2-85F7-26434FCE4072}.Debug|Any CPU.ActiveCfg = Debug|Any CPU
		{2244D45C-3A2D-40B2-85F7-26434FCE4072}.Debug|Any CPU.Build.0 = Debug|Any CPU
		{2244D45C-3A2D-40B2-85F7-26434FCE4072}.Debug|Any CPU.Deploy.0 = Debug|Any CPU
		{2244D45C-3A2D-40B2-85F7-26434FCE4072}.Release|Any CPU.ActiveCfg = Release|Any CPU
		{2244D45C-3A2D-40B2-85F7-26434FCE4072}.Release|Any CPU.Build.0 = Release|Any CPU
		{2244D45C-3A2D-40B2-85F7-26434FCE4072}.Release|Any CPU.Deploy.0 = Release|Any CPU
		{FCD2AF60-2E63-4B0A-81DA-723D76E0C317}.Debug|Any CPU.ActiveCfg = Debug|Any CPU
		{FCD2AF60-2E63-4B0A-81DA-723D76E0C317}.Debug|Any CPU.Build.0 = Debug|Any CPU
		{FCD2AF60-2E63-4B0A-81DA-723D76E0C317}.Release|Any CPU.ActiveCfg = Release|Any CPU
		{FCD2AF60-2E63-4B0A-81DA-723D76E0C317}.Release|Any CPU.Build.0 = Release|Any CPU
		{DC13E583-DFB0-46A9-8255-9BE6DAB60757}.Debug|Any CPU.ActiveCfg = Debug|Any CPU
		{DC13E583-DFB0-46A9-8255-9BE6DAB60757}.Debug|Any CPU.Build.0 = Debug|Any CPU
		{DC13E583-DFB0-46A9-8255-9BE6DAB60757}.Release|Any CPU.ActiveCfg = Release|Any CPU
		{DC13E583-DFB0-46A9-8255-9BE6DAB60757}.Release|Any CPU.Build.0 = Release|Any CPU
		{CD9297BF-E4F5-43E2-A251-900DE5948FBD}.Debug|Any CPU.ActiveCfg = Debug|Any CPU
		{CD9297BF-E4F5-43E2-A251-900DE5948FBD}.Debug|Any CPU.Build.0 = Debug|Any CPU
		{CD9297BF-E4F5-43E2-A251-900DE5948FBD}.Release|Any CPU.ActiveCfg = Release|Any CPU
		{CD9297BF-E4F5-43E2-A251-900DE5948FBD}.Release|Any CPU.Build.0 = Release|Any CPU
	EndGlobalSection
	GlobalSection(SolutionProperties) = preSolution
		HideSolutionNode = FALSE
	EndGlobalSection
	GlobalSection(NestedProjects) = preSolution
		{8D3C0C6F-EE2D-400A-BBDE-BE4530D6F5F6} = {FC233C9D-F0C3-4073-A176-C81A1CDDC819}
		{0B31CDB6-2A10-4020-835B-DE8D30272268} = {FC233C9D-F0C3-4073-A176-C81A1CDDC819}
		{724D8924-935B-4C04-AD58-FD3F5775E7FD} = {FC233C9D-F0C3-4073-A176-C81A1CDDC819}
		{77071D5B-03CC-412B-8FBF-D5EAF4BCCD1B} = {FB63EADB-9542-4C2C-8696-FC345758B80F}
		{FD36BE0A-90E0-4EB3-8F88-9B13F2674782} = {FB63EADB-9542-4C2C-8696-FC345758B80F}
		{1F851060-1278-4D6D-B4E2-EF0A47F483D0} = {FB63EADB-9542-4C2C-8696-FC345758B80F}
		{2244D45C-3A2D-40B2-85F7-26434FCE4072} = {E07E4750-F4CA-4A19-A026-6889D3995B33}
		{DC13E583-DFB0-46A9-8255-9BE6DAB60757} = {FC233C9D-F0C3-4073-A176-C81A1CDDC819}
		{CD9297BF-E4F5-43E2-A251-900DE5948FBD} = {D94C38DE-8656-4324-953D-C8DC4C2F9C2B}
	EndGlobalSection
	GlobalSection(ExtensibilityGlobals) = postSolution
		SolutionGuid = {194C124D-16FE-474B-9A03-F7EA98AD834C}
	EndGlobalSection
EndGlobal
